
Microsoft Visual Studio Solution File, Format Version 12.00
# Visual Studio 15
VisualStudioVersion = 15.0.27428.2027
MinimumVisualStudioVersion = 10.0.40219.1
Project("{FAE04EC0-301F-11D3-BF4B-00C04F79EFBC}") = "ProjectViewerFixer", "ProjectViewerFixer\ProjectViewerFixer.csproj", "{43D4872C-DB83-4B43-9BA4-69A42326462D}"
EndProject
Global
	GlobalSection(SolutionConfigurationPlatforms) = preSolution
		Debug|Any CPU = Debug|Any CPU
		Release|Any CPU = Release|Any CPU
	EndGlobalSection
	GlobalSection(ProjectConfigurationPlatforms) = postSolution
		{43D4872C-DB83-4B43-9BA4-69A42326462D}.Debug|Any CPU.ActiveCfg = Debug|Any CPU
		{43D4872C-DB83-4B43-9BA4-69A42326462D}.Debug|Any CPU.Build.0 = Debug|Any CPU
		{43D4872C-DB83-4B43-9BA4-69A42326462D}.Release|Any CPU.ActiveCfg = Release|Any CPU
		{43D4872C-DB83-4B43-9BA4-69A42326462D}.Release|Any CPU.Build.0 = Release|Any CPU
	EndGlobalSection
	GlobalSection(SolutionProperties) = preSolution
		HideSolutionNode = FALSE
	EndGlobalSection
	GlobalSection(ExtensibilityGlobals) = postSolution
		SolutionGuid = {7706A4F0-1AFC-4259-8371-894237D29523}
	EndGlobalSection
EndGlobal
